// !$*UTF8*$!
{
	archiveVersion = 1;
	classes = {
	};
	objectVersion = 46;
	objects = {

/* Begin PBXBuildFile section */
		A40E15CD1BB4E194003C82B1 /* main.m in Sources */ = {isa = PBXBuildFile; fileRef = A40E15CC1BB4E194003C82B1 /* main.m */; };
		A40E15D01BB4E194003C82B1 /* AppDelegate.m in Sources */ = {isa = PBXBuildFile; fileRef = A40E15CF1BB4E194003C82B1 /* AppDelegate.m */; };
		A40E15D31BB4E195003C82B1 /* ViewController.m in Sources */ = {isa = PBXBuildFile; fileRef = A40E15D21BB4E195003C82B1 /* ViewController.m */; };
		A40E15D61BB4E195003C82B1 /* Main.storyboard in Resources */ = {isa = PBXBuildFile; fileRef = A40E15D41BB4E195003C82B1 /* Main.storyboard */; };
		A40E15D81BB4E195003C82B1 /* Images.xcassets in Resources */ = {isa = PBXBuildFile; fileRef = A40E15D71BB4E195003C82B1 /* Images.xcassets */; };
		A40E15DB1BB4E195003C82B1 /* LaunchScreen.xib in Resources */ = {isa = PBXBuildFile; fileRef = A40E15D91BB4E195003C82B1 /* LaunchScreen.xib */; };
		A40E15E71BB4E195003C82B1 /* Buy568Tests.m in Sources */ = {isa = PBXBuildFile; fileRef = A40E15E61BB4E195003C82B1 /* Buy568Tests.m */; };
/* End PBXBuildFile section */

/* Begin PBXContainerItemProxy section */
		A40E15E11BB4E195003C82B1 /* PBXContainerItemProxy */ = {
			isa = PBXContainerItemProxy;
			containerPortal = A40E15BF1BB4E194003C82B1 /* Project object */;
			proxyType = 1;
			remoteGlobalIDString = A40E15C61BB4E194003C82B1;
			remoteInfo = Buy568;
		};
/* End PBXContainerItemProxy section */

/* Begin PBXFileReference section */
		A40E15C71BB4E194003C82B1 /* Buy568.app */ = {isa = PBXFileReference; explicitFileType = wrapper.application; includeInIndex = 0; path = Buy568.app; sourceTree = BUILT_PRODUCTS_DIR; };
		A40E15CB1BB4E194003C82B1 /* Info.plist */ = {isa = PBXFileReference; lastKnownFileType = text.plist.xml; path = Info.plist; sourceTree = "<group>"; };
		A40E15CC1BB4E194003C82B1 /* main.m */ = {isa = PBXFileReference; lastKnownFileType = sourcecode.c.objc; path = main.m; sourceTree = "<group>"; };
		A40E15CE1BB4E194003C82B1 /* AppDelegate.h */ = {isa = PBXFileReference; lastKnownFileType = sourcecode.c.h; path = AppDelegate.h; sourceTree = "<group>"; };
		A40E15CF1BB4E194003C82B1 /* AppDelegate.m */ = {isa = PBXFileReference; lastKnownFileType = sourcecode.c.objc; path = AppDelegate.m; sourceTree = "<group>"; };
		A40E15D11BB4E194003C82B1 /* ViewController.h */ = {isa = PBXFileReference; lastKnownFileType = sourcecode.c.h; path = ViewController.h; sourceTree = "<group>"; };
		A40E15D21BB4E195003C82B1 /* ViewController.m */ = {isa = PBXFileReference; lastKnownFileType = sourcecode.c.objc; path = ViewController.m; sourceTree = "<group>"; };
		A40E15D51BB4E195003C82B1 /* Base */ = {isa = PBXFileReference; lastKnownFileType = file.storyboard; name = Base; path = Base.lproj/Main.storyboard; sourceTree = "<group>"; };
		A40E15D71BB4E195003C82B1 /* Images.xcassets */ = {isa = PBXFileReference; lastKnownFileType = folder.assetcatalog; path = Images.xcassets; sourceTree = "<group>"; };
		A40E15DA1BB4E195003C82B1 /* Base */ = {isa = PBXFileReference; lastKnownFileType = file.xib; name = Base; path = Base.lproj/LaunchScreen.xib; sourceTree = "<group>"; };
		A40E15E01BB4E195003C82B1 /* Buy568Tests.xctest */ = {isa = PBXFileReference; explicitFileType = wrapper.cfbundle; includeInIndex = 0; path = Buy568Tests.xctest; sourceTree = BUILT_PRODUCTS_DIR; };
		A40E15E51BB4E195003C82B1 /* Info.plist */ = {isa = PBXFileReference; lastKnownFileType = text.plist.xml; path = Info.plist; sourceTree = "<group>"; };
		A40E15E61BB4E195003C82B1 /* Buy568Tests.m */ = {isa = PBXFileReference; lastKnownFileType = sourcecode.c.objc; path = Buy568Tests.m; sourceTree = "<group>"; };
/* End PBXFileReference section */

/* Begin PBXFrameworksBuildPhase section */
		A40E15C41BB4E194003C82B1 /* Frameworks */ = {
			isa = PBXFrameworksBuildPhase;
			buildActionMask = 2147483647;
			files = (
			);
			runOnlyForDeploymentPostprocessing = 0;
		};
		A40E15DD1BB4E195003C82B1 /* Frameworks */ = {
			isa = PBXFrameworksBuildPhase;
			buildActionMask = 2147483647;
			files = (
			);
			runOnlyForDeploymentPostprocessing = 0;
		};
/* End PBXFrameworksBuildPhase section */

/* Begin PBXGroup section */
		A40E15BE1BB4E194003C82B1 = {
			isa = PBXGroup;
			children = (
				A40E15C91BB4E194003C82B1 /* Buy568 */,
				A40E15E31BB4E195003C82B1 /* Buy568Tests */,
				A40E15C81BB4E194003C82B1 /* Products */,
			);
			sourceTree = "<group>";
		};
		A40E15C81BB4E194003C82B1 /* Products */ = {
			isa = PBXGroup;
			children = (
				A40E15C71BB4E194003C82B1 /* Buy568.app */,
				A40E15E01BB4E195003C82B1 /* Buy568Tests.xctest */,
			);
			name = Products;
			sourceTree = "<group>";
		};
		A40E15C91BB4E194003C82B1 /* Buy568 */ = {
			isa = PBXGroup;
			children = (
				A40E15CE1BB4E194003C82B1 /* AppDelegate.h */,
				A40E15CF1BB4E194003C82B1 /* AppDelegate.m */,
				A40E15D11BB4E194003C82B1 /* ViewController.h */,
				A40E15D21BB4E195003C82B1 /* ViewController.m */,
				A40E15D41BB4E195003C82B1 /* Main.storyboard */,
				A40E15D71BB4E195003C82B1 /* Images.xcassets */,
				A40E15D91BB4E195003C82B1 /* LaunchScreen.xib */,
				A40E15CA1BB4E194003C82B1 /* Supporting Files */,
			);
			path = Buy568;
			sourceTree = "<group>";
		};
		A40E15CA1BB4E194003C82B1 /* Supporting Files */ = {
			isa = PBXGroup;
			children = (
				A40E15CB1BB4E194003C82B1 /* Info.plist */,
				A40E15CC1BB4E194003C82B1 /* main.m */,
			);
			name = "Supporting Files";
			sourceTree = "<group>";
		};
		A40E15E31BB4E195003C82B1 /* Buy568Tests */ = {
			isa = PBXGroup;
			children = (
				A40E15E61BB4E195003C82B1 /* Buy568Tests.m */,
				A40E15E41BB4E195003C82B1 /* Supporting Files */,
			);
			path = Buy568Tests;
			sourceTree = "<group>";
		};
		A40E15E41BB4E195003C82B1 /* Supporting Files */ = {
			isa = PBXGroup;
			children = (
				A40E15E51BB4E195003C82B1 /* Info.plist */,
			);
			name = "Supporting Files";
			sourceTree = "<group>";
		};
/* End PBXGroup section */

/* Begin PBXNativeTarget section */
		A40E15C61BB4E194003C82B1 /* Buy568 */ = {
			isa = PBXNativeTarget;
			buildConfigurationList = A40E15EA1BB4E195003C82B1 /* Build configuration list for PBXNativeTarget "Buy568" */;
			buildPhases = (
				A40E15C31BB4E194003C82B1 /* Sources */,
				A40E15C41BB4E194003C82B1 /* Frameworks */,
				A40E15C51BB4E194003C82B1 /* Resources */,
			);
			buildRules = (
			);
			dependencies = (
			);
			name = Buy568;
			productName = Buy568;
			productReference = A40E15C71BB4E194003C82B1 /* Buy568.app */;
			productType = "com.apple.product-type.application";
		};
		A40E15DF1BB4E195003C82B1 /* Buy568Tests */ = {
			isa = PBXNativeTarget;
			buildConfigurationList = A40E15ED1BB4E195003C82B1 /* Build configuration list for PBXNativeTarget "Buy568Tests" */;
			buildPhases = (
				A40E15DC1BB4E195003C82B1 /* Sources */,
				A40E15DD1BB4E195003C82B1 /* Frameworks */,
				A40E15DE1BB4E195003C82B1 /* Resources */,
			);
			buildRules = (
			);
			dependencies = (
				A40E15E21BB4E195003C82B1 /* PBXTargetDependency */,
			);
			name = Buy568Tests;
			productName = Buy568Tests;
			productReference = A40E15E01BB4E195003C82B1 /* Buy568Tests.xctest */;
			productType = "com.apple.product-type.bundle.unit-test";
		};
/* End PBXNativeTarget section */

/* Begin PBXProject section */
		A40E15BF1BB4E194003C82B1 /* Project object */ = {
			isa = PBXProject;
			attributes = {
				LastUpgradeCheck = 0630;
				ORGANIZATIONNAME = echo;
				TargetAttributes = {
					A40E15C61BB4E194003C82B1 = {
						CreatedOnToolsVersion = 6.3.2;
					};
					A40E15DF1BB4E195003C82B1 = {
						CreatedOnToolsVersion = 6.3.2;
						TestTargetID = A40E15C61BB4E194003C82B1;
					};
				};
			};
			buildConfigurationList = A40E15C21BB4E194003C82B1 /* Build configuration list for PBXProject "Buy568" */;
			compatibilityVersion = "Xcode 3.2";
			developmentRegion = English;
			hasScannedForEncodings = 0;
			knownRegions = (
				en,
				Base,
			);
			mainGroup = A40E15BE1BB4E194003C82B1;
			productRefGroup = A40E15C81BB4E194003C82B1 /* Products */;
			projectDirPath = "";
			projectRoot = "";
			targets = (
				A40E15C61BB4E194003C82B1 /* Buy568 */,
				A40E15DF1BB4E195003C82B1 /* Buy568Tests */,
			);
		};
/* End PBXProject section */

/* Begin PBXResourcesBuildPhase section */
		A40E15C51BB4E194003C82B1 /* Resources */ = {
			isa = PBXResourcesBuildPhase;
			buildActionMask = 2147483647;
			files = (
				A40E15D61BB4E195003C82B1 /* Main.storyboard in Resources */,
				A40E15DB1BB4E195003C82B1 /* LaunchScreen.xib in Resources */,
				A40E15D81BB4E195003C82B1 /* Images.xcassets in Resources */,
			);
			runOnlyForDeploymentPostprocessing = 0;
		};
		A40E15DE1BB4E195003C82B1 /* Resources */ = {
			isa = PBXResourcesBuildPhase;
			buildActionMask = 2147483647;
			files = (
			);
			runOnlyForDeploymentPostprocessing = 0;
		};
/* End PBXResourcesBuildPhase section */

/* Begin PBXSourcesBuildPhase section */
		A40E15C31BB4E194003C82B1 /* Sources */ = {
			isa = PBXSourcesBuildPhase;
			buildActionMask = 2147483647;
			files = (
				A40E15D31BB4E195003C82B1 /* ViewController.m in Sources */,
				A40E15D01BB4E194003C82B1 /* AppDelegate.m in Sources */,
				A40E15CD1BB4E194003C82B1 /* main.m in Sources */,
			);
			runOnlyForDeploymentPostprocessing = 0;
		};
		A40E15DC1BB4E195003C82B1 /* Sources */ = {
			isa = PBXSourcesBuildPhase;
			buildActionMask = 2147483647;
			files = (
				A40E15E71BB4E195003C82B1 /* Buy568Tests.m in Sources */,
			);
			runOnlyForDeploymentPostprocessing = 0;
		};
/* End PBXSourcesBuildPhase section */

/* Begin PBXTargetDependency section */
		A40E15E21BB4E195003C82B1 /* PBXTargetDependency */ = {
			isa = PBXTargetDependency;
			target = A40E15C61BB4E194003C82B1 /* Buy568 */;
			targetProxy = A40E15E11BB4E195003C82B1 /* PBXContainerItemProxy */;
		};
/* End PBXTargetDependency section */

/* Begin PBXVariantGroup section */
		A40E15D41BB4E195003C82B1 /* Main.storyboard */ = {
			isa = PBXVariantGroup;
			children = (
				A40E15D51BB4E195003C82B1 /* Base */,
			);
			name = Main.storyboard;
			sourceTree = "<group>";
		};
		A40E15D91BB4E195003C82B1 /* LaunchScreen.xib */ = {
			isa = PBXVariantGroup;
			children = (
				A40E15DA1BB4E195003C82B1 /* Base */,
			);
			name = LaunchScreen.xib;
			sourceTree = "<group>";
		};
/* End PBXVariantGroup section */

/* Begin XCBuildConfiguration section */
		A40E15E81BB4E195003C82B1 /* Debug */ = {
			isa = XCBuildConfiguration;
			buildSettings = {
				ALWAYS_SEARCH_USER_PATHS = NO;
				CLANG_CXX_LANGUAGE_STANDARD = "gnu++0x";
				CLANG_CXX_LIBRARY = "libc++";
				CLANG_ENABLE_MODULES = YES;
				CLANG_ENABLE_OBJC_ARC = YES;
				CLANG_WARN_BOOL_CONVERSION = YES;
				CLANG_WARN_CONSTANT_CONVERSION = YES;
				CLANG_WARN_DIRECT_OBJC_ISA_USAGE = YES_ERROR;
				CLANG_WARN_EMPTY_BODY = YES;
				CLANG_WARN_ENUM_CONVERSION = YES;
				CLANG_WARN_INT_CONVERSION = YES;
				CLANG_WARN_OBJC_ROOT_CLASS = YES_ERROR;
				CLANG_WARN_UNREACHABLE_CODE = YES;
				CLANG_WARN__DUPLICATE_METHOD_MATCH = YES;
				"CODE_SIGN_IDENTITY[sdk=iphoneos*]" = "iPhone Developer";
				COPY_PHASE_STRIP = NO;
				DEBUG_INFORMATION_FORMAT = "dwarf-with-dsym";
				ENABLE_STRICT_OBJC_MSGSEND = YES;
				GCC_C_LANGUAGE_STANDARD = gnu99;
				GCC_DYNAMIC_NO_PIC = NO;
				GCC_NO_COMMON_BLOCKS = YES;
				GCC_OPTIMIZATION_LEVEL = 0;
				GCC_PREPROCESSOR_DEFINITIONS = (
					"DEBUG=1",
					"$(inherited)",
				);
				GCC_SYMBOLS_PRIVATE_EXTERN = NO;
				GCC_WARN_64_TO_32_BIT_CONVERSION = YES;
				GCC_WARN_ABOUT_RETURN_TYPE = YES_ERROR;
				GCC_WARN_UNDECLARED_SELECTOR = YES;
				GCC_WARN_UNINITIALIZED_AUTOS = YES_AGGRESSIVE;
				GCC_WARN_UNUSED_FUNCTION = YES;
				GCC_WARN_UNUSED_VARIABLE = YES;
				IPHONEOS_DEPLOYMENT_TARGET = 8.3;
				MTL_ENABLE_DEBUG_INFO = YES;
				ONLY_ACTIVE_ARCH = YES;
				SDKROOT = iphoneos;
				TARGETED_DEVICE_FAMILY = "1,2";
			};
			name = Debug;
		};
		A40E15E91BB4E195003C82B1 /* Release */ = {
			isa = XCBuildConfiguration;
			buildSettings = {
				ALWAYS_SEARCH_USER_PATHS = NO;
				CLANG_CXX_LANGUAGE_STANDARD = "gnu++0x";
				CLANG_CXX_LIBRARY = "libc++";
				CLANG_ENABLE_MODULES = YES;
				CLANG_ENABLE_OBJC_ARC = YES;
				CLANG_WARN_BOOL_CONVERSION = YES;
				CLANG_WARN_CONSTANT_CONVERSION = YES;
				CLANG_WARN_DIRECT_OBJC_ISA_USAGE = YES_ERROR;
				CLANG_WARN_EMPTY_BODY = YES;
				CLANG_WARN_ENUM_CONVERSION = YES;
				CLANG_WARN_INT_CONVERSION = YES;
				CLANG_WARN_OBJC_ROOT_CLASS = YES_ERROR;
				CLANG_WARN_UNREACHABLE_CODE = YES;
				CLANG_WARN__DUPLICATE_METHOD_MATCH = YES;
				"CODE_SIGN_IDENTITY[sdk=iphoneos*]" = "iPhone Developer";
				COPY_PHASE_STRIP = NO;
				DEBUG_INFORMATION_FORMAT = "dwarf-with-dsym";
				ENABLE_NS_ASSERTIONS = NO;
				ENABLE_STRICT_OBJC_MSGSEND = YES;
				GCC_C_LANGUAGE_STANDARD = gnu99;
				GCC_NO_COMMON_BLOCKS = YES;
				GCC_WARN_64_TO_32_BIT_CONVERSION = YES;
				GCC_WARN_ABOUT_RETURN_TYPE = YES_ERROR;
				GCC_WARN_UNDECLARED_SELECTOR = YES;
				GCC_WARN_UNINITIALIZED_AUTOS = YES_AGGRESSIVE;
				GCC_WARN_UNUSED_FUNCTION = YES;
				GCC_WARN_UNUSED_VARIABLE = YES;
				IPHONEOS_DEPLOYMENT_TARGET = 8.3;
				MTL_ENABLE_DEBUG_INFO = NO;
				SDKROOT = iphoneos;
				TARGETED_DEVICE_FAMILY = "1,2";
				VALIDATE_PRODUCT = YES;
			};
			name = Release;
		};
		A40E15EB1BB4E195003C82B1 /* Debug */ = {
			isa = XCBuildConfiguration;
			buildSettings = {
				ASSETCATALOG_COMPILER_APPICON_NAME = AppIcon;
				INFOPLIST_FILE = Buy568/Info.plist;
				LD_RUNPATH_SEARCH_PATHS = "$(inherited) @executable_path/Frameworks";
				PRODUCT_NAME = "$(TARGET_NAME)";
			};
			name = Debug;
		};
		A40E15EC1BB4E195003C82B1 /* Release */ = {
			isa = XCBuildConfiguration;
			buildSettings = {
				ASSETCATALOG_COMPILER_APPICON_NAME = AppIcon;
				INFOPLIST_FILE = Buy568/Info.plist;
				LD_RUNPATH_SEARCH_PATHS = "$(inherited) @executable_path/Frameworks";
				PRODUCT_NAME = "$(TARGET_NAME)";
			};
			name = Release;
		};
		A40E15EE1BB4E195003C82B1 /* Debug */ = {
			isa = XCBuildConfiguration;
			buildSettings = {
				BUNDLE_LOADER = "$(TEST_HOST)";
				FRAMEWORK_SEARCH_PATHS = (
					"$(SDKROOT)/Developer/Library/Frameworks",
					"$(inherited)",
				);
				GCC_PREPROCESSOR_DEFINITIONS = (
					"DEBUG=1",
					"$(inherited)",
				);
				INFOPLIST_FILE = Buy568Tests/Info.plist;
				LD_RUNPATH_SEARCH_PATHS = "$(inherited) @executable_path/Frameworks @loader_path/Frameworks";
				PRODUCT_NAME = "$(TARGET_NAME)";
				TEST_HOST = "$(BUILT_PRODUCTS_DIR)/Buy568.app/Buy568";
			};
			name = Debug;
		};
		A40E15EF1BB4E195003C82B1 /* Release */ = {
			isa = XCBuildConfiguration;
			buildSettings = {
				BUNDLE_LOADER = "$(TEST_HOST)";
				FRAMEWORK_SEARCH_PATHS = (
					"$(SDKROOT)/Developer/Library/Frameworks",
					"$(inherited)",
				);
				INFOPLIST_FILE = Buy568Tests/Info.plist;
				LD_RUNPATH_SEARCH_PATHS = "$(inherited) @executable_path/Frameworks @loader_path/Frameworks";
				PRODUCT_NAME = "$(TARGET_NAME)";
				TEST_HOST = "$(BUILT_PRODUCTS_DIR)/Buy568.app/Buy568";
			};
			name = Release;
		};
/* End XCBuildConfiguration section */

/* Begin XCConfigurationList section */
		A40E15C21BB4E194003C82B1 /* Build configuration list for PBXProject "Buy568" */ = {
			isa = XCConfigurationList;
			buildConfigurations = (
				A40E15E81BB4E195003C82B1 /* Debug */,
				A40E15E91BB4E195003C82B1 /* Release */,
			);
			defaultConfigurationIsVisible = 0;
			defaultConfigurationName = Release;
		};
		A40E15EA1BB4E195003C82B1 /* Build configuration list for PBXNativeTarget "Buy568" */ = {
			isa = XCConfigurationList;
			buildConfigurations = (
				A40E15EB1BB4E195003C82B1 /* Debug */,
				A40E15EC1BB4E195003C82B1 /* Release */,
			);
			defaultConfigurationIsVisible = 0;
		};
		A40E15ED1BB4E195003C82B1 /* Build configuration list for PBXNativeTarget "Buy568Tests" */ = {
			isa = XCConfigurationList;
			buildConfigurations = (
				A40E15EE1BB4E195003C82B1 /* Debug */,
				A40E15EF1BB4E195003C82B1 /* Release */,
			);
			defaultConfigurationIsVisible = 0;
		};
/* End XCConfigurationList section */
	};
	rootObject = A40E15BF1BB4E194003C82B1 /* Project object */;
}
